
Microsoft Visual Studio Solution File, Format Version 12.00
# Visual Studio Version 17
VisualStudioVersion = 17.11.35017.193
MinimumVisualStudioVersion = 10.0.40219.1
Project("{FAE04EC0-301F-11D3-BF4B-00C04F79EFBC}") = "EMSWebProject", "EMSWebProject\EMSWebProject.csproj", "{BF27A040-74A4-4DCF-85F7-45E9D737B6E5}"
EndProject
Global
	GlobalSection(SolutionConfigurationPlatforms) = preSolution
		Debug|Any CPU = Debug|Any CPU
		Release|Any CPU = Release|Any CPU
	EndGlobalSection
	GlobalSection(ProjectConfigurationPlatforms) = postSolution
		{BF27A040-74A4-4DCF-85F7-45E9D737B6E5}.Debug|Any CPU.ActiveCfg = Debug|Any CPU
		{BF27A040-74A4-4DCF-85F7-45E9D737B6E5}.Debug|Any CPU.Build.0 = Debug|Any CPU
		{BF27A040-74A4-4DCF-85F7-45E9D737B6E5}.Release|Any CPU.ActiveCfg = Release|Any CPU
		{BF27A040-74A4-4DCF-85F7-45E9D737B6E5}.Release|Any CPU.Build.0 = Release|Any CPU
	EndGlobalSection
	GlobalSection(SolutionProperties) = preSolution
		HideSolutionNode = FALSE
	EndGlobalSection
	GlobalSection(ExtensibilityGlobals) = postSolution
		SolutionGuid = {1C09B9AF-20D6-49BA-BDE7-BBDAAD0D1C2C}
	EndGlobalSection
EndGlobal
